
Microsoft Visual Studio Solution File, Format Version 12.00
# Visual Studio Version 16
VisualStudioVersion = 16.0.30621.155
MinimumVisualStudioVersion = 10.0.40219.1
Project("{FAE04EC0-301F-11D3-BF4B-00C04F79EFBC}") = "AnimeSolution.WebApp", "AnimeSolution.WebApp\AnimeSolution.WebApp.csproj", "{2175BDC7-714E-488E-95C4-AAAA4FDA2146}"
EndProject
Global
	GlobalSection(SolutionConfigurationPlatforms) = preSolution
		Debug|Any CPU = Debug|Any CPU
		Release|Any CPU = Release|Any CPU
	EndGlobalSection
	GlobalSection(ProjectConfigurationPlatforms) = postSolution
		{2175BDC7-714E-488E-95C4-AAAA4FDA2146}.Debug|Any CPU.ActiveCfg = Debug|Any CPU
		{2175BDC7-714E-488E-95C4-AAAA4FDA2146}.Debug|Any CPU.Build.0 = Debug|Any CPU
		{2175BDC7-714E-488E-95C4-AAAA4FDA2146}.Release|Any CPU.ActiveCfg = Release|Any CPU
		{2175BDC7-714E-488E-95C4-AAAA4FDA2146}.Release|Any CPU.Build.0 = Release|Any CPU
	EndGlobalSection
	GlobalSection(SolutionProperties) = preSolution
		HideSolutionNode = FALSE
	EndGlobalSection
	GlobalSection(ExtensibilityGlobals) = postSolution
		SolutionGuid = {CB2D3732-72B9-493C-966B-966E8B579CBB}
	EndGlobalSection
EndGlobal
